
Microsoft Visual Studio Solution File, Format Version 12.00
# Visual Studio 14
VisualStudioVersion = 14.0.25420.1
MinimumVisualStudioVersion = 10.0.40219.1
Project("{FAE04EC0-301F-11D3-BF4B-00C04F79EFBC}") = "01 Поправка на плочки", "01 Поправка на плочки\01 Поправка на плочки.csproj", "{20A66030-543F-43E7-8DCB-D2A732153864}"
EndProject
Project("{FAE04EC0-301F-11D3-BF4B-00C04F79EFBC}") = "02 Поспаливата котка Том", "2 Поспаливата котка Том\02 Поспаливата котка Том.csproj", "{87B8F34F-0692-412A-A016-0AEE23289FA2}"
EndProject
Project("{FAE04EC0-301F-11D3-BF4B-00C04F79EFBC}") = "03 Операции между числа", "03 Операции между числа\03 Операции между числа.csproj", "{0E29A4B3-B517-4526-8D0E-DE1882DBD656}"
EndProject
Project("{FAE04EC0-301F-11D3-BF4B-00C04F79EFBC}") = "04 Умната Лили", "04 Умната Лили\04 Умната Лили.csproj", "{C260AAA2-20D1-4EB4-AFFA-F11AB9A5994C}"
EndProject
Project("{FAE04EC0-301F-11D3-BF4B-00C04F79EFBC}") = "05 Стоп", "05 Стоп\05 Стоп.csproj", "{5C38B0EF-23A4-4DF8-9826-06C7C5D1C30C}"
EndProject
Project("{FAE04EC0-301F-11D3-BF4B-00C04F79EFBC}") = "06 Специални числа", "06 Специални числа\06 Специални числа.csproj", "{B84703EA-2039-43FF-913E-27F9AE5007A4}"
EndProject
Global
	GlobalSection(SolutionConfigurationPlatforms) = preSolution
		Debug|Any CPU = Debug|Any CPU
		Release|Any CPU = Release|Any CPU
	EndGlobalSection
	GlobalSection(ProjectConfigurationPlatforms) = postSolution
		{20A66030-543F-43E7-8DCB-D2A732153864}.Debug|Any CPU.ActiveCfg = Debug|Any CPU
		{20A66030-543F-43E7-8DCB-D2A732153864}.Debug|Any CPU.Build.0 = Debug|Any CPU
		{20A66030-543F-43E7-8DCB-D2A732153864}.Release|Any CPU.ActiveCfg = Release|Any CPU
		{20A66030-543F-43E7-8DCB-D2A732153864}.Release|Any CPU.Build.0 = Release|Any CPU
		{87B8F34F-0692-412A-A016-0AEE23289FA2}.Debug|Any CPU.ActiveCfg = Debug|Any CPU
		{87B8F34F-0692-412A-A016-0AEE23289FA2}.Debug|Any CPU.Build.0 = Debug|Any CPU
		{87B8F34F-0692-412A-A016-0AEE23289FA2}.Release|Any CPU.ActiveCfg = Release|Any CPU
		{87B8F34F-0692-412A-A016-0AEE23289FA2}.Release|Any CPU.Build.0 = Release|Any CPU
		{0E29A4B3-B517-4526-8D0E-DE1882DBD656}.Debug|Any CPU.ActiveCfg = Debug|Any CPU
		{0E29A4B3-B517-4526-8D0E-DE1882DBD656}.Debug|Any CPU.Build.0 = Debug|Any CPU
		{0E29A4B3-B517-4526-8D0E-DE1882DBD656}.Release|Any CPU.ActiveCfg = Release|Any CPU
		{0E29A4B3-B517-4526-8D0E-DE1882DBD656}.Release|Any CPU.Build.0 = Release|Any CPU
		{C260AAA2-20D1-4EB4-AFFA-F11AB9A5994C}.Debug|Any CPU.ActiveCfg = Debug|Any CPU
		{C260AAA2-20D1-4EB4-AFFA-F11AB9A5994C}.Debug|Any CPU.Build.0 = Debug|Any CPU
		{C260AAA2-20D1-4EB4-AFFA-F11AB9A5994C}.Release|Any CPU.ActiveCfg = Release|Any CPU
		{C260AAA2-20D1-4EB4-AFFA-F11AB9A5994C}.Release|Any CPU.Build.0 = Release|Any CPU
		{5C38B0EF-23A4-4DF8-9826-06C7C5D1C30C}.Debug|Any CPU.ActiveCfg = Debug|Any CPU
		{5C38B0EF-23A4-4DF8-9826-06C7C5D1C30C}.Debug|Any CPU.Build.0 = Debug|Any CPU
		{5C38B0EF-23A4-4DF8-9826-06C7C5D1C30C}.Release|Any CPU.ActiveCfg = Release|Any CPU
		{5C38B0EF-23A4-4DF8-9826-06C7C5D1C30C}.Release|Any CPU.Build.0 = Release|Any CPU
		{B84703EA-2039-43FF-913E-27F9AE5007A4}.Debug|Any CPU.ActiveCfg = Debug|Any CPU
		{B84703EA-2039-43FF-913E-27F9AE5007A4}.Debug|Any CPU.Build.0 = Debug|Any CPU
		{B84703EA-2039-43FF-913E-27F9AE5007A4}.Release|Any CPU.ActiveCfg = Release|Any CPU
		{B84703EA-2039-43FF-913E-27F9AE5007A4}.Release|Any CPU.Build.0 = Release|Any CPU
	EndGlobalSection
	GlobalSection(SolutionProperties) = preSolution
		HideSolutionNode = FALSE
	EndGlobalSection
EndGlobal
